{
    "name": "batch",
    "version": "1.0.0",
    "lockfileVersion": 3,
    "requires": true,
    "packages": {
        "": {
            "name": "batch",
            "version": "1.0.0",
            "license": "MIT",
            "dependencies": {
                "@libsql/client": "^0.14.0",
                "ollama": "^0.5.11"
            }
        },
        "node_modules/@libsql/client": {
            "version": "0.14.0",
            "resolved": "https://registry.npmjs.org/@libsql/client/-/client-0.14.0.tgz",
            "integrity": "sha512-/9HEKfn6fwXB5aTEEoMeFh4CtG0ZzbncBb1e++OCdVpgKZ/xyMsIVYXm0w7Pv4RUel803vE6LwniB3PqD72R0Q==",
            "license": "MIT",
            "dependencies": {
                "@libsql/core": "^0.14.0",
                "@libsql/hrana-client": "^0.7.0",
                "js-base64": "^3.7.5",
                "libsql": "^0.4.4",
                "promise-limit": "^2.7.0"
            }
        },
        "node_modules/@libsql/core": {
            "version": "0.14.0",
            "resolved": "https://registry.npmjs.org/@libsql/core/-/core-0.14.0.tgz",
            "integrity": "sha512-nhbuXf7GP3PSZgdCY2Ecj8vz187ptHlZQ0VRc751oB2C1W8jQUXKKklvt7t1LJiUTQBVJuadF628eUk+3cRi4Q==",
            "license": "MIT",
            "dependencies": {
                "js-base64": "^3.7.5"
            }
        },
        "node_modules/@libsql/darwin-arm64": {
            "version": "0.4.6",
            "resolved": "https://registry.npmjs.org/@libsql/darwin-arm64/-/darwin-arm64-0.4.6.tgz",
            "integrity": "sha512-45i604CJ2Lubbg7NqtDodjarF6VgST8rS5R8xB++MoRqixtDns9PZ6tocT9pRJDWuTWEiy2sjthPOFWMKwYAsg==",
            "cpu": [
                "arm64"
            ],
            "license": "MIT",
            "optional": true,
            "os": [
                "darwin"
            ]
        },
        "node_modules/@libsql/darwin-x64": {
            "version": "0.4.6",
            "resolved": "https://registry.npmjs.org/@libsql/darwin-x64/-/darwin-x64-0.4.6.tgz",
            "integrity": "sha512-dRKliflhfr5zOPSNgNJ6C2nZDd4YA8bTXF3MUNqNkcxQ8BffaH9uUwL9kMq89LkFIZQHcyP75bBgZctxfJ/H5Q==",
            "cpu": [
                "x64"
            ],
            "license": "MIT",
            "optional": true,
            "os": [
                "darwin"
            ]
        },
        "node_modules/@libsql/hrana-client": {
            "version": "0.7.0",
            "resolved": "https://registry.npmjs.org/@libsql/hrana-client/-/hrana-client-0.7.0.tgz",
            "integrity": "sha512-OF8fFQSkbL7vJY9rfuegK1R7sPgQ6kFMkDamiEccNUvieQ+3urzfDFI616oPl8V7T9zRmnTkSjMOImYCAVRVuw==",
            "license": "MIT",
            "dependencies": {
                "@libsql/isomorphic-fetch": "^0.3.1",
                "@libsql/isomorphic-ws": "^0.1.5",
                "js-base64": "^3.7.5",
                "node-fetch": "^3.3.2"
            }
        },
        "node_modules/@libsql/isomorphic-fetch": {
            "version": "0.3.1",
            "resolved": "https://registry.npmjs.org/@libsql/isomorphic-fetch/-/isomorphic-fetch-0.3.1.tgz",
            "integrity": "sha512-6kK3SUK5Uu56zPq/Las620n5aS9xJq+jMBcNSOmjhNf/MUvdyji4vrMTqD7ptY7/4/CAVEAYDeotUz60LNQHtw==",
            "license": "MIT",
            "engines": {
                "node": ">=18.0.0"
            }
        },
        "node_modules/@libsql/isomorphic-ws": {
            "version": "0.1.5",
            "resolved": "https://registry.npmjs.org/@libsql/isomorphic-ws/-/isomorphic-ws-0.1.5.tgz",
            "integrity": "sha512-DtLWIH29onUYR00i0GlQ3UdcTRC6EP4u9w/h9LxpUZJWRMARk6dQwZ6Jkd+QdwVpuAOrdxt18v0K2uIYR3fwFg==",
            "license": "MIT",
            "dependencies": {
                "@types/ws": "^8.5.4",
                "ws": "^8.13.0"
            }
        },
        "node_modules/@libsql/linux-arm64-gnu": {
            "version": "0.4.6",
            "resolved": "https://registry.npmjs.org/@libsql/linux-arm64-gnu/-/linux-arm64-gnu-0.4.6.tgz",
            "integrity": "sha512-DMPavVyY6vYPAYcQR1iOotHszg+5xSjHSg6F9kNecPX0KKdGq84zuPJmORfKOPtaWvzPewNFdML/e+s1fu09XQ==",
            "cpu": [
                "arm64"
            ],
            "license": "MIT",
            "optional": true,
            "os": [
                "linux"
            ]
        },
        "node_modules/@libsql/linux-arm64-musl": {
            "version": "0.4.6",
            "resolved": "https://registry.npmjs.org/@libsql/linux-arm64-musl/-/linux-arm64-musl-0.4.6.tgz",
            "integrity": "sha512-whuHSYAZyclGjM3L0mKGXyWqdAy7qYvPPn+J1ve7FtGkFlM0DiIPjA5K30aWSGJSRh72sD9DBZfnu8CpfSjT6w==",
            "cpu": [
                "arm64"
            ],
            "license": "MIT",
            "optional": true,
            "os": [
                "linux"
            ]
        },
        "node_modules/@libsql/linux-x64-gnu": {
            "version": "0.4.6",
            "resolved": "https://registry.npmjs.org/@libsql/linux-x64-gnu/-/linux-x64-gnu-0.4.6.tgz",
            "integrity": "sha512-0ggx+5RwEbYabIlDBBAvavdfIJCZ757u6nDZtBeQIhzW99EKbWG3lvkXHM3qudFb/pDWSUY4RFBm6vVtF1cJGA==",
            "cpu": [
                "x64"
            ],
            "license": "MIT",
            "optional": true,
            "os": [
                "linux"
            ]
        },
        "node_modules/@libsql/linux-x64-musl": {
            "version": "0.4.6",
            "resolved": "https://registry.npmjs.org/@libsql/linux-x64-musl/-/linux-x64-musl-0.4.6.tgz",
            "integrity": "sha512-SWNrv7Hz72QWlbM/ZsbL35MPopZavqCUmQz2HNDZ55t0F+kt8pXuP+bbI2KvmaQ7wdsoqAA4qBmjol0+bh4ndw==",
            "cpu": [
                "x64"
            ],
            "license": "MIT",
            "optional": true,
            "os": [
                "linux"
            ]
        },
        "node_modules/@libsql/win32-x64-msvc": {
            "version": "0.4.6",
            "resolved": "https://registry.npmjs.org/@libsql/win32-x64-msvc/-/win32-x64-msvc-0.4.6.tgz",
            "integrity": "sha512-Q0axn110zDNELfkEog3Nl8p9BU4eI/UvgaHevGyOiSDN7s0KPfj0j6jwVHk4oz3o/d/Gg3DRIxomZ4ftfTOy/g==",
            "cpu": [
                "x64"
            ],
            "license": "MIT",
            "optional": true,
            "os": [
                "win32"
            ]
        },
        "node_modules/@neon-rs/load": {
            "version": "0.0.4",
            "resolved": "https://registry.npmjs.org/@neon-rs/load/-/load-0.0.4.tgz",
            "integrity": "sha512-kTPhdZyTQxB+2wpiRcFWrDcejc4JI6tkPuS7UZCG4l6Zvc5kU/gGQ/ozvHTh1XR5tS+UlfAfGuPajjzQjCiHCw==",
            "license": "MIT"
        },
        "node_modules/@types/node": {
            "version": "22.7.5",
            "resolved": "https://registry.npmjs.org/@types/node/-/node-22.7.5.tgz",
            "integrity": "sha512-jML7s2NAzMWc//QSJ1a3prpk78cOPchGvXJsC3C6R6PSMoooztvRVQEz89gmBTBY1SPMaqo5teB4uNHPdetShQ==",
            "license": "MIT",
            "dependencies": {
                "undici-types": "~6.19.2"
            }
        },
        "node_modules/@types/ws": {
            "version": "8.5.12",
            "resolved": "https://registry.npmjs.org/@types/ws/-/ws-8.5.12.tgz",
            "integrity": "sha512-3tPRkv1EtkDpzlgyKyI8pGsGZAGPEaXeu0DOj5DI25Ja91bdAYddYHbADRYVrZMRbfW+1l5YwXVDKohDJNQxkQ==",
            "license": "MIT",
            "dependencies": {
                "@types/node": "*"
            }
        },
        "node_modules/data-uri-to-buffer": {
            "version": "4.0.1",
            "resolved": "https://registry.npmjs.org/data-uri-to-buffer/-/data-uri-to-buffer-4.0.1.tgz",
            "integrity": "sha512-0R9ikRb668HB7QDxT1vkpuUBtqc53YyAwMwGeUFKRojY/NWKvdZ+9UYtRfGmhqNbRkTSVpMbmyhXipFFv2cb/A==",
            "license": "MIT",
            "engines": {
                "node": ">= 12"
            }
        },
        "node_modules/detect-libc": {
            "version": "2.0.2",
            "resolved": "https://registry.npmjs.org/detect-libc/-/detect-libc-2.0.2.tgz",
            "integrity": "sha512-UX6sGumvvqSaXgdKGUsgZWqcUyIXZ/vZTrlRT/iobiKhGL0zL4d3osHj3uqllWJK+i+sixDS/3COVEOFbupFyw==",
            "license": "Apache-2.0",
            "engines": {
                "node": ">=8"
            }
        },
        "node_modules/fetch-blob": {
            "version": "3.2.0",
            "resolved": "https://registry.npmjs.org/fetch-blob/-/fetch-blob-3.2.0.tgz",
            "integrity": "sha512-7yAQpD2UMJzLi1Dqv7qFYnPbaPx7ZfFK6PiIxQ4PfkGPyNyl2Ugx+a/umUonmKqjhM4DnfbMvdX6otXq83soQQ==",
            "funding": [
                {
                    "type": "github",
                    "url": "https://github.com/sponsors/jimmywarting"
                },
                {
                    "type": "paypal",
                    "url": "https://paypal.me/jimmywarting"
                }
            ],
            "license": "MIT",
            "dependencies": {
                "node-domexception": "^1.0.0",
                "web-streams-polyfill": "^3.0.3"
            },
            "engines": {
                "node": "^12.20 || >= 14.13"
            }
        },
        "node_modules/formdata-polyfill": {
            "version": "4.0.10",
            "resolved": "https://registry.npmjs.org/formdata-polyfill/-/formdata-polyfill-4.0.10.tgz",
            "integrity": "sha512-buewHzMvYL29jdeQTVILecSaZKnt/RJWjoZCF5OW60Z67/GmSLBkOFM7qh1PI3zFNtJbaZL5eQu1vLfazOwj4g==",
            "license": "MIT",
            "dependencies": {
                "fetch-blob": "^3.1.2"
            },
            "engines": {
                "node": ">=12.20.0"
            }
        },
        "node_modules/js-base64": {
            "version": "3.7.7",
            "resolved": "https://registry.npmjs.org/js-base64/-/js-base64-3.7.7.tgz",
            "integrity": "sha512-7rCnleh0z2CkXhH67J8K1Ytz0b2Y+yxTPL+/KOJoa20hfnVQ/3/T6W/KflYI4bRHRagNeXeU2bkNGI3v1oS/lw==",
            "license": "BSD-3-Clause"
        },
        "node_modules/libsql": {
            "version": "0.4.6",
            "resolved": "https://registry.npmjs.org/libsql/-/libsql-0.4.6.tgz",
            "integrity": "sha512-F5M+ltteK6dCcpjMahrkgT96uFJvVI8aQ4r9f2AzHQjC7BkAYtvfMSTWGvRBezRgMUIU2h1Sy0pF9nOGOD5iyA==",
            "cpu": [
                "x64",
                "arm64",
                "wasm32"
            ],
            "license": "MIT",
            "os": [
                "darwin",
                "linux",
                "win32"
            ],
            "dependencies": {
                "@neon-rs/load": "^0.0.4",
                "detect-libc": "2.0.2"
            },
            "optionalDependencies": {
                "@libsql/darwin-arm64": "0.4.6",
                "@libsql/darwin-x64": "0.4.6",
                "@libsql/linux-arm64-gnu": "0.4.6",
                "@libsql/linux-arm64-musl": "0.4.6",
                "@libsql/linux-x64-gnu": "0.4.6",
                "@libsql/linux-x64-musl": "0.4.6",
                "@libsql/win32-x64-msvc": "0.4.6"
            }
        },
        "node_modules/node-domexception": {
            "version": "1.0.0",
            "resolved": "https://registry.npmjs.org/node-domexception/-/node-domexception-1.0.0.tgz",
            "integrity": "sha512-/jKZoMpw0F8GRwl4/eLROPA3cfcXtLApP0QzLmUT/HuPCZWyB7IY9ZrMeKw2O/nFIqPQB3PVM9aYm0F312AXDQ==",
            "funding": [
                {
                    "type": "github",
                    "url": "https://github.com/sponsors/jimmywarting"
                },
                {
                    "type": "github",
                    "url": "https://paypal.me/jimmywarting"
                }
            ],
            "license": "MIT",
            "engines": {
                "node": ">=10.5.0"
            }
        },
        "node_modules/node-fetch": {
            "version": "3.3.2",
            "resolved": "https://registry.npmjs.org/node-fetch/-/node-fetch-3.3.2.tgz",
            "integrity": "sha512-dRB78srN/l6gqWulah9SrxeYnxeddIG30+GOqK/9OlLVyLg3HPnr6SqOWTWOXKRwC2eGYCkZ59NNuSgvSrpgOA==",
            "license": "MIT",
            "dependencies": {
                "data-uri-to-buffer": "^4.0.0",
                "fetch-blob": "^3.1.4",
                "formdata-polyfill": "^4.0.10"
            },
            "engines": {
                "node": "^12.20.0 || ^14.13.1 || >=16.0.0"
            },
            "funding": {
                "type": "opencollective",
                "url": "https://opencollective.com/node-fetch"
            }
        },
        "node_modules/ollama": {
            "version": "0.5.11",
            "resolved": "https://registry.npmjs.org/ollama/-/ollama-0.5.11.tgz",
            "integrity": "sha512-lDAKcpmBU3VAOGF05NcQipHNKTdpKfAHpZ7bjCsElkUkmX7SNZImi6lwIxz/l1zQtLq0S3wuLneRuiXxX2KIew==",
            "license": "MIT",
            "dependencies": {
                "whatwg-fetch": "^3.6.20"
            }
        },
        "node_modules/promise-limit": {
            "version": "2.7.0",
            "resolved": "https://registry.npmjs.org/promise-limit/-/promise-limit-2.7.0.tgz",
            "integrity": "sha512-7nJ6v5lnJsXwGprnGXga4wx6d1POjvi5Qmf1ivTRxTjH4Z/9Czja/UCMLVmB9N93GeWOU93XaFaEt6jbuoagNw==",
            "license": "ISC"
        },
        "node_modules/undici-types": {
            "version": "6.19.8",
            "resolved": "https://registry.npmjs.org/undici-types/-/undici-types-6.19.8.tgz",
            "integrity": "sha512-ve2KP6f/JnbPBFyobGHuerC9g1FYGn/F8n1LWTwNxCEzd6IfqTwUQcNXgEtmmQ6DlRrC1hrSrBnCZPokRrDHjw==",
            "license": "MIT"
        },
        "node_modules/web-streams-polyfill": {
            "version": "3.3.3",
            "resolved": "https://registry.npmjs.org/web-streams-polyfill/-/web-streams-polyfill-3.3.3.tgz",
            "integrity": "sha512-d2JWLCivmZYTSIoge9MsgFCZrt571BikcWGYkjC1khllbTeDlGqZ2D8vD8E/lJa8WGWbb7Plm8/XJYV7IJHZZw==",
            "license": "MIT",
            "engines": {
                "node": ">= 8"
            }
        },
        "node_modules/whatwg-fetch": {
            "version": "3.6.20",
            "resolved": "https://registry.npmjs.org/whatwg-fetch/-/whatwg-fetch-3.6.20.tgz",
            "integrity": "sha512-EqhiFU6daOA8kpjOWTL0olhVOF3i7OrFzSYiGsEMB8GcXS+RrzauAERX65xMeNWVqxA6HXH2m69Z9LaKKdisfg==",
            "license": "MIT"
        },
        "node_modules/ws": {
            "version": "8.18.0",
            "resolved": "https://registry.npmjs.org/ws/-/ws-8.18.0.tgz",
            "integrity": "sha512-8VbfWfHLbbwu3+N6OKsOMpBdT4kXPDDB9cJk2bJ6mh9ucxdlnNvH1e+roYkKmN9Nxw2yjz7VzeO9oOz2zJ04Pw==",
            "license": "MIT",
            "engines": {
                "node": ">=10.0.0"
            },
            "peerDependencies": {
                "bufferutil": "^4.0.1",
                "utf-8-validate": ">=5.0.2"
            },
            "peerDependenciesMeta": {
                "bufferutil": {
                    "optional": true
                },
                "utf-8-validate": {
                    "optional": true
                }
            }
        }
    }
}
